
Microsoft Visual Studio Solution File, Format Version 12.00
Project("{FAE04EC0-301F-11D3-BF4B-00C04F79EFBC}") = "World-Of-Zull-4.0", "World-Of-Zull-4.0\World-Of-Zull-4.0.csproj", "{93806B94-617F-4B27-8DAE-C43773D6EB30}"
EndProject
Global
	GlobalSection(SolutionConfigurationPlatforms) = preSolution
		Debug|Any CPU = Debug|Any CPU
		Release|Any CPU = Release|Any CPU
	EndGlobalSection
	GlobalSection(ProjectConfigurationPlatforms) = postSolution
		{93806B94-617F-4B27-8DAE-C43773D6EB30}.Debug|Any CPU.ActiveCfg = Debug|Any CPU
		{93806B94-617F-4B27-8DAE-C43773D6EB30}.Debug|Any CPU.Build.0 = Debug|Any CPU
		{93806B94-617F-4B27-8DAE-C43773D6EB30}.Release|Any CPU.ActiveCfg = Release|Any CPU
		{93806B94-617F-4B27-8DAE-C43773D6EB30}.Release|Any CPU.Build.0 = Release|Any CPU
	EndGlobalSection
EndGlobal
